
Microsoft Visual Studio Solution File, Format Version 12.00
# Visual Studio Version 17
VisualStudioVersion = 17.2.32519.379
MinimumVisualStudioVersion = 10.0.40219.1
Project("{9A19103F-16F7-4668-BE54-9A1E7A4F7556}") = "Demo", "Demo\Demo.csproj", "{7E2042BC-1BD7-43A1-93A5-534994C222F5}"
	ProjectSection(ProjectDependencies) = postProject
		{63814B20-BD08-4B31-BD6E-6DE790AEF2B8} = {63814B20-BD08-4B31-BD6E-6DE790AEF2B8}
	EndProjectSection
EndProject
Project("{9A19103F-16F7-4668-BE54-9A1E7A4F7556}") = "Db", "Db\Db.csproj", "{EBEB25D3-1EDC-40ED-AFCA-DB451EDC09D8}"
EndProject
Project("{9A19103F-16F7-4668-BE54-9A1E7A4F7556}") = "Entities", "Entities\Entities.csproj", "{63814B20-BD08-4B31-BD6E-6DE790AEF2B8}"
EndProject
Project("{9A19103F-16F7-4668-BE54-9A1E7A4F7556}") = "Implementation", "Implementation\Implementation.csproj", "{86F42BEF-21D0-4048-82CF-FEDEA794DCFB}"
EndProject
Project("{9A19103F-16F7-4668-BE54-9A1E7A4F7556}") = "Interfaces", "Interfaces\Interfaces.csproj", "{AE477E2C-C21E-4BC0-B691-91DA3DC6A2E4}"
EndProject
Project("{FAE04EC0-301F-11D3-BF4B-00C04F79EFBC}") = "Shared", "Shared\Shared.csproj", "{56A3FD8D-7F1D-49F7-BC33-B99C8025E3CE}"
EndProject
Project("{FAE04EC0-301F-11D3-BF4B-00C04F79EFBC}") = "Contracts", "Contracts\Contracts.csproj", "{D0579DDE-6D66-4575-BFE1-29BF00AD3A6B}"
EndProject
Global
	GlobalSection(SolutionConfigurationPlatforms) = preSolution
		Debug|Any CPU = Debug|Any CPU
		Release|Any CPU = Release|Any CPU
	EndGlobalSection
	GlobalSection(ProjectConfigurationPlatforms) = postSolution
		{7E2042BC-1BD7-43A1-93A5-534994C222F5}.Debug|Any CPU.ActiveCfg = Debug|Any CPU
		{7E2042BC-1BD7-43A1-93A5-534994C222F5}.Debug|Any CPU.Build.0 = Debug|Any CPU
		{7E2042BC-1BD7-43A1-93A5-534994C222F5}.Release|Any CPU.ActiveCfg = Release|Any CPU
		{7E2042BC-1BD7-43A1-93A5-534994C222F5}.Release|Any CPU.Build.0 = Release|Any CPU
		{EBEB25D3-1EDC-40ED-AFCA-DB451EDC09D8}.Debug|Any CPU.ActiveCfg = Debug|Any CPU
		{EBEB25D3-1EDC-40ED-AFCA-DB451EDC09D8}.Debug|Any CPU.Build.0 = Debug|Any CPU
		{EBEB25D3-1EDC-40ED-AFCA-DB451EDC09D8}.Release|Any CPU.ActiveCfg = Release|Any CPU
		{EBEB25D3-1EDC-40ED-AFCA-DB451EDC09D8}.Release|Any CPU.Build.0 = Release|Any CPU
		{63814B20-BD08-4B31-BD6E-6DE790AEF2B8}.Debug|Any CPU.ActiveCfg = Debug|Any CPU
		{63814B20-BD08-4B31-BD6E-6DE790AEF2B8}.Debug|Any CPU.Build.0 = Debug|Any CPU
		{63814B20-BD08-4B31-BD6E-6DE790AEF2B8}.Release|Any CPU.ActiveCfg = Release|Any CPU
		{63814B20-BD08-4B31-BD6E-6DE790AEF2B8}.Release|Any CPU.Build.0 = Release|Any CPU
		{86F42BEF-21D0-4048-82CF-FEDEA794DCFB}.Debug|Any CPU.ActiveCfg = Debug|Any CPU
		{86F42BEF-21D0-4048-82CF-FEDEA794DCFB}.Debug|Any CPU.Build.0 = Debug|Any CPU
		{86F42BEF-21D0-4048-82CF-FEDEA794DCFB}.Release|Any CPU.ActiveCfg = Release|Any CPU
		{86F42BEF-21D0-4048-82CF-FEDEA794DCFB}.Release|Any CPU.Build.0 = Release|Any CPU
		{AE477E2C-C21E-4BC0-B691-91DA3DC6A2E4}.Debug|Any CPU.ActiveCfg = Debug|Any CPU
		{AE477E2C-C21E-4BC0-B691-91DA3DC6A2E4}.Debug|Any CPU.Build.0 = Debug|Any CPU
		{AE477E2C-C21E-4BC0-B691-91DA3DC6A2E4}.Release|Any CPU.ActiveCfg = Release|Any CPU
		{AE477E2C-C21E-4BC0-B691-91DA3DC6A2E4}.Release|Any CPU.Build.0 = Release|Any CPU
		{56A3FD8D-7F1D-49F7-BC33-B99C8025E3CE}.Debug|Any CPU.ActiveCfg = Debug|Any CPU
		{56A3FD8D-7F1D-49F7-BC33-B99C8025E3CE}.Debug|Any CPU.Build.0 = Debug|Any CPU
		{56A3FD8D-7F1D-49F7-BC33-B99C8025E3CE}.Release|Any CPU.ActiveCfg = Release|Any CPU
		{56A3FD8D-7F1D-49F7-BC33-B99C8025E3CE}.Release|Any CPU.Build.0 = Release|Any CPU
		{D0579DDE-6D66-4575-BFE1-29BF00AD3A6B}.Debug|Any CPU.ActiveCfg = Debug|Any CPU
		{D0579DDE-6D66-4575-BFE1-29BF00AD3A6B}.Debug|Any CPU.Build.0 = Debug|Any CPU
		{D0579DDE-6D66-4575-BFE1-29BF00AD3A6B}.Release|Any CPU.ActiveCfg = Release|Any CPU
		{D0579DDE-6D66-4575-BFE1-29BF00AD3A6B}.Release|Any CPU.Build.0 = Release|Any CPU
	EndGlobalSection
	GlobalSection(SolutionProperties) = preSolution
		HideSolutionNode = FALSE
	EndGlobalSection
	GlobalSection(ExtensibilityGlobals) = postSolution
		SolutionGuid = {7AD1C05D-9C26-4265-8BBA-A20294ED5B34}
	EndGlobalSection
EndGlobal
